// !$*UTF8*$!
{
	archiveVersion = 1;
	classes = {
	};
	objectVersion = 55;
	objects = {

/* Begin PBXBuildFile section */
		0A884D69282C1B9D00358785 /* AppDelegate.swift in Sources */ = {isa = PBXBuildFile; fileRef = 0A884D68282C1B9D00358785 /* AppDelegate.swift */; };
		0A884D6B282C1B9D00358785 /* SceneDelegate.swift in Sources */ = {isa = PBXBuildFile; fileRef = 0A884D6A282C1B9D00358785 /* SceneDelegate.swift */; };
		0A884D6D282C1B9D00358785 /* ViewController.swift in Sources */ = {isa = PBXBuildFile; fileRef = 0A884D6C282C1B9D00358785 /* ViewController.swift */; };
		0A884D70282C1B9D00358785 /* Main.storyboard in Resources */ = {isa = PBXBuildFile; fileRef = 0A884D6E282C1B9D00358785 /* Main.storyboard */; };
		0A884D72282C1B9F00358785 /* Assets.xcassets in Resources */ = {isa = PBXBuildFile; fileRef = 0A884D71282C1B9F00358785 /* Assets.xcassets */; };
		0A884D75282C1B9F00358785 /* LaunchScreen.storyboard in Resources */ = {isa = PBXBuildFile; fileRef = 0A884D73282C1B9F00358785 /* LaunchScreen.storyboard */; };
		0A884D7D282C20F400358785 /* Post.swift in Sources */ = {isa = PBXBuildFile; fileRef = 0A884D7C282C20F400358785 /* Post.swift */; };
		0AF97594282CC2E100535C9F /* PostGetViewModel.swift in Sources */ = {isa = PBXBuildFile; fileRef = 0AF97593282CC2E100535C9F /* PostGetViewModel.swift */; };
		0AF97598282CC3D400535C9F /* NewPostViewController.swift in Sources */ = {isa = PBXBuildFile; fileRef = 0AF97597282CC3D400535C9F /* NewPostViewController.swift */; };
		0AF9759A282CC3EB00535C9F /* DetailPostViewController.swift in Sources */ = {isa = PBXBuildFile; fileRef = 0AF97599282CC3EB00535C9F /* DetailPostViewController.swift */; };
		33A049A26C5CCDC96C8198AA /* Pods_Follow_the_rules_of_SOLID.framework in Frameworks */ = {isa = PBXBuildFile; fileRef = B4B6260B9368439DC2CF05BE /* Pods_Follow_the_rules_of_SOLID.framework */; };
/* End PBXBuildFile section */

/* Begin PBXFileReference section */
		0A884D65282C1B9D00358785 /* Follow_the_rules_of_SOLID.app */ = {isa = PBXFileReference; explicitFileType = wrapper.application; includeInIndex = 0; path = Follow_the_rules_of_SOLID.app; sourceTree = BUILT_PRODUCTS_DIR; };
		0A884D68282C1B9D00358785 /* AppDelegate.swift */ = {isa = PBXFileReference; lastKnownFileType = sourcecode.swift; path = AppDelegate.swift; sourceTree = "<group>"; };
		0A884D6A282C1B9D00358785 /* SceneDelegate.swift */ = {isa = PBXFileReference; lastKnownFileType = sourcecode.swift; path = SceneDelegate.swift; sourceTree = "<group>"; };
		0A884D6C282C1B9D00358785 /* ViewController.swift */ = {isa = PBXFileReference; lastKnownFileType = sourcecode.swift; path = ViewController.swift; sourceTree = "<group>"; };
		0A884D6F282C1B9D00358785 /* Base */ = {isa = PBXFileReference; lastKnownFileType = file.storyboard; name = Base; path = Base.lproj/Main.storyboard; sourceTree = "<group>"; };
		0A884D71282C1B9F00358785 /* Assets.xcassets */ = {isa = PBXFileReference; lastKnownFileType = folder.assetcatalog; path = Assets.xcassets; sourceTree = "<group>"; };
		0A884D74282C1B9F00358785 /* Base */ = {isa = PBXFileReference; lastKnownFileType = file.storyboard; name = Base; path = Base.lproj/LaunchScreen.storyboard; sourceTree = "<group>"; };
		0A884D76282C1B9F00358785 /* Info.plist */ = {isa = PBXFileReference; lastKnownFileType = text.plist.xml; path = Info.plist; sourceTree = "<group>"; };
		0A884D7C282C20F400358785 /* Post.swift */ = {isa = PBXFileReference; lastKnownFileType = sourcecode.swift; path = Post.swift; sourceTree = "<group>"; };
		0AF97593282CC2E100535C9F /* PostGetViewModel.swift */ = {isa = PBXFileReference; lastKnownFileType = sourcecode.swift; path = PostGetViewModel.swift; sourceTree = "<group>"; };
		0AF97597282CC3D400535C9F /* NewPostViewController.swift */ = {isa = PBXFileReference; lastKnownFileType = sourcecode.swift; path = NewPostViewController.swift; sourceTree = "<group>"; };
		0AF97599282CC3EB00535C9F /* DetailPostViewController.swift */ = {isa = PBXFileReference; lastKnownFileType = sourcecode.swift; path = DetailPostViewController.swift; sourceTree = "<group>"; };
		227041B35F7ABF7862A19859 /* Pods-Follow_the_rules_of_SOLID.release.xcconfig */ = {isa = PBXFileReference; includeInIndex = 1; lastKnownFileType = text.xcconfig; name = "Pods-Follow_the_rules_of_SOLID.release.xcconfig"; path = "Target Support Files/Pods-Follow_the_rules_of_SOLID/Pods-Follow_the_rules_of_SOLID.release.xcconfig"; sourceTree = "<group>"; };
		9E70BCB4DCCD38364BA59FA7 /* Pods-Follow_the_rules_of_SOLID.debug.xcconfig */ = {isa = PBXFileReference; includeInIndex = 1; lastKnownFileType = text.xcconfig; name = "Pods-Follow_the_rules_of_SOLID.debug.xcconfig"; path = "Target Support Files/Pods-Follow_the_rules_of_SOLID/Pods-Follow_the_rules_of_SOLID.debug.xcconfig"; sourceTree = "<group>"; };
		B4B6260B9368439DC2CF05BE /* Pods_Follow_the_rules_of_SOLID.framework */ = {isa = PBXFileReference; explicitFileType = wrapper.framework; includeInIndex = 0; path = Pods_Follow_the_rules_of_SOLID.framework; sourceTree = BUILT_PRODUCTS_DIR; };
/* End PBXFileReference section */

/* Begin PBXFrameworksBuildPhase section */
		0A884D62282C1B9D00358785 /* Frameworks */ = {
			isa = PBXFrameworksBuildPhase;
			buildActionMask = 2147483647;
			files = (
				33A049A26C5CCDC96C8198AA /* Pods_Follow_the_rules_of_SOLID.framework in Frameworks */,
			);
			runOnlyForDeploymentPostprocessing = 0;
		};
/* End PBXFrameworksBuildPhase section */

/* Begin PBXGroup section */
		0A884D5C282C1B9D00358785 = {
			isa = PBXGroup;
			children = (
				0A884D67282C1B9D00358785 /* Follow_the_rules_of_SOLID */,
				0A884D66282C1B9D00358785 /* Products */,
				1576E75432FF8BDE44EDF0E3 /* Pods */,
				A87F68E0DB98AFB70F4D34AE /* Frameworks */,
			);
			sourceTree = "<group>";
		};
		0A884D66282C1B9D00358785 /* Products */ = {
			isa = PBXGroup;
			children = (
				0A884D65282C1B9D00358785 /* Follow_the_rules_of_SOLID.app */,
			);
			name = Products;
			sourceTree = "<group>";
		};
		0A884D67282C1B9D00358785 /* Follow_the_rules_of_SOLID */ = {
			isa = PBXGroup;
			children = (
				0A884D68282C1B9D00358785 /* AppDelegate.swift */,
				0A884D6A282C1B9D00358785 /* SceneDelegate.swift */,
				0A884D6C282C1B9D00358785 /* ViewController.swift */,
				0A884D6E282C1B9D00358785 /* Main.storyboard */,
				0AF97599282CC3EB00535C9F /* DetailPostViewController.swift */,
				0AF97597282CC3D400535C9F /* NewPostViewController.swift */,
				0AF97593282CC2E100535C9F /* PostGetViewModel.swift */,
				0A884D7C282C20F400358785 /* Post.swift */,
				0A884D71282C1B9F00358785 /* Assets.xcassets */,
				0A884D73282C1B9F00358785 /* LaunchScreen.storyboard */,
				0A884D76282C1B9F00358785 /* Info.plist */,
			);
			path = Follow_the_rules_of_SOLID;
			sourceTree = "<group>";
		};
		1576E75432FF8BDE44EDF0E3 /* Pods */ = {
			isa = PBXGroup;
			children = (
				9E70BCB4DCCD38364BA59FA7 /* Pods-Follow_the_rules_of_SOLID.debug.xcconfig */,
				227041B35F7ABF7862A19859 /* Pods-Follow_the_rules_of_SOLID.release.xcconfig */,
			);
			name = Pods;
			path = Pods;
			sourceTree = "<group>";
		};
		A87F68E0DB98AFB70F4D34AE /* Frameworks */ = {
			isa = PBXGroup;
			children = (
				B4B6260B9368439DC2CF05BE /* Pods_Follow_the_rules_of_SOLID.framework */,
			);
			name = Frameworks;
			sourceTree = "<group>";
		};
/* End PBXGroup section */

/* Begin PBXNativeTarget section */
		0A884D64282C1B9D00358785 /* Follow_the_rules_of_SOLID */ = {
			isa = PBXNativeTarget;
			buildConfigurationList = 0A884D79282C1B9F00358785 /* Build configuration list for PBXNativeTarget "Follow_the_rules_of_SOLID" */;
			buildPhases = (
				24F3921C14A127D1CE2ED7F3 /* [CP] Check Pods Manifest.lock */,
				0A884D61282C1B9D00358785 /* Sources */,
				0A884D62282C1B9D00358785 /* Frameworks */,
				0A884D63282C1B9D00358785 /* Resources */,
				73AC9C12C40E66D2387CBF70 /* [CP] Embed Pods Frameworks */,
			);
			buildRules = (
			);
			dependencies = (
			);
			name = Follow_the_rules_of_SOLID;
			productName = Follow_the_rules_of_SOLID;
			productReference = 0A884D65282C1B9D00358785 /* Follow_the_rules_of_SOLID.app */;
			productType = "com.apple.product-type.application";
		};
/* End PBXNativeTarget section */

/* Begin PBXProject section */
		0A884D5D282C1B9D00358785 /* Project object */ = {
			isa = PBXProject;
			attributes = {
				BuildIndependentTargetsInParallel = 1;
				LastSwiftUpdateCheck = 1330;
				LastUpgradeCheck = 1330;
				TargetAttributes = {
					0A884D64282C1B9D00358785 = {
						CreatedOnToolsVersion = 13.3;
					};
				};
			};
			buildConfigurationList = 0A884D60282C1B9D00358785 /* Build configuration list for PBXProject "Follow_the_rules_of_SOLID" */;
			compatibilityVersion = "Xcode 13.0";
			developmentRegion = en;
			hasScannedForEncodings = 0;
			knownRegions = (
				en,
				Base,
			);
			mainGroup = 0A884D5C282C1B9D00358785;
			productRefGroup = 0A884D66282C1B9D00358785 /* Products */;
			projectDirPath = "";
			projectRoot = "";
			targets = (
				0A884D64282C1B9D00358785 /* Follow_the_rules_of_SOLID */,
			);
		};
/* End PBXProject section */

/* Begin PBXResourcesBuildPhase section */
		0A884D63282C1B9D00358785 /* Resources */ = {
			isa = PBXResourcesBuildPhase;
			buildActionMask = 2147483647;
			files = (
				0A884D75282C1B9F00358785 /* LaunchScreen.storyboard in Resources */,
				0A884D72282C1B9F00358785 /* Assets.xcassets in Resources */,
				0A884D70282C1B9D00358785 /* Main.storyboard in Resources */,
			);
			runOnlyForDeploymentPostprocessing = 0;
		};
/* End PBXResourcesBuildPhase section */

/* Begin PBXShellScriptBuildPhase section */
		24F3921C14A127D1CE2ED7F3 /* [CP] Check Pods Manifest.lock */ = {
			isa = PBXShellScriptBuildPhase;
			buildActionMask = 2147483647;
			files = (
			);
			inputFileListPaths = (
			);
			inputPaths = (
				"${PODS_PODFILE_DIR_PATH}/Podfile.lock",
				"${PODS_ROOT}/Manifest.lock",
			);
			name = "[CP] Check Pods Manifest.lock";
			outputFileListPaths = (
			);
			outputPaths = (
				"$(DERIVED_FILE_DIR)/Pods-Follow_the_rules_of_SOLID-checkManifestLockResult.txt",
			);
			runOnlyForDeploymentPostprocessing = 0;
			shellPath = /bin/sh;
			shellScript = "diff \"${PODS_PODFILE_DIR_PATH}/Podfile.lock\" \"${PODS_ROOT}/Manifest.lock\" > /dev/null\nif [ $? != 0 ] ; then\n    # print error to STDERR\n    echo \"error: The sandbox is not in sync with the Podfile.lock. Run 'pod install' or update your CocoaPods installation.\" >&2\n    exit 1\nfi\n# This output is used by Xcode 'outputs' to avoid re-running this script phase.\necho \"SUCCESS\" > \"${SCRIPT_OUTPUT_FILE_0}\"\n";
			showEnvVarsInLog = 0;
		};
		73AC9C12C40E66D2387CBF70 /* [CP] Embed Pods Frameworks */ = {
			isa = PBXShellScriptBuildPhase;
			buildActionMask = 2147483647;
			files = (
			);
			inputFileListPaths = (
				"${PODS_ROOT}/Target Support Files/Pods-Follow_the_rules_of_SOLID/Pods-Follow_the_rules_of_SOLID-frameworks-${CONFIGURATION}-input-files.xcfilelist",
			);
			name = "[CP] Embed Pods Frameworks";
			outputFileListPaths = (
				"${PODS_ROOT}/Target Support Files/Pods-Follow_the_rules_of_SOLID/Pods-Follow_the_rules_of_SOLID-frameworks-${CONFIGURATION}-output-files.xcfilelist",
			);
			runOnlyForDeploymentPostprocessing = 0;
			shellPath = /bin/sh;
			shellScript = "\"${PODS_ROOT}/Target Support Files/Pods-Follow_the_rules_of_SOLID/Pods-Follow_the_rules_of_SOLID-frameworks.sh\"\n";
			showEnvVarsInLog = 0;
		};
/* End PBXShellScriptBuildPhase section */

/* Begin PBXSourcesBuildPhase section */
		0A884D61282C1B9D00358785 /* Sources */ = {
			isa = PBXSourcesBuildPhase;
			buildActionMask = 2147483647;
			files = (
				0A884D6D282C1B9D00358785 /* ViewController.swift in Sources */,
				0AF9759A282CC3EB00535C9F /* DetailPostViewController.swift in Sources */,
				0A884D69282C1B9D00358785 /* AppDelegate.swift in Sources */,
				0AF97594282CC2E100535C9F /* PostGetViewModel.swift in Sources */,
				0A884D6B282C1B9D00358785 /* SceneDelegate.swift in Sources */,
				0A884D7D282C20F400358785 /* Post.swift in Sources */,
				0AF97598282CC3D400535C9F /* NewPostViewController.swift in Sources */,
			);
			runOnlyForDeploymentPostprocessing = 0;
		};
/* End PBXSourcesBuildPhase section */

/* Begin PBXVariantGroup section */
		0A884D6E282C1B9D00358785 /* Main.storyboard */ = {
			isa = PBXVariantGroup;
			children = (
				0A884D6F282C1B9D00358785 /* Base */,
			);
			name = Main.storyboard;
			sourceTree = "<group>";
		};
		0A884D73282C1B9F00358785 /* LaunchScreen.storyboard */ = {
			isa = PBXVariantGroup;
			children = (
				0A884D74282C1B9F00358785 /* Base */,
			);
			name = LaunchScreen.storyboard;
			sourceTree = "<group>";
		};
/* End PBXVariantGroup section */

/* Begin XCBuildConfiguration section */
		0A884D77282C1B9F00358785 /* Debug */ = {
			isa = XCBuildConfiguration;
			buildSettings = {
				ALWAYS_SEARCH_USER_PATHS = NO;
				CLANG_ANALYZER_NONNULL = YES;
				CLANG_ANALYZER_NUMBER_OBJECT_CONVERSION = YES_AGGRESSIVE;
				CLANG_CXX_LANGUAGE_STANDARD = "gnu++17";
				CLANG_ENABLE_MODULES = YES;
				CLANG_ENABLE_OBJC_ARC = YES;
				CLANG_ENABLE_OBJC_WEAK = YES;
				CLANG_WARN_BLOCK_CAPTURE_AUTORELEASING = YES;
				CLANG_WARN_BOOL_CONVERSION = YES;
				CLANG_WARN_COMMA = YES;
				CLANG_WARN_CONSTANT_CONVERSION = YES;
				CLANG_WARN_DEPRECATED_OBJC_IMPLEMENTATIONS = YES;
				CLANG_WARN_DIRECT_OBJC_ISA_USAGE = YES_ERROR;
				CLANG_WARN_DOCUMENTATION_COMMENTS = YES;
				CLANG_WARN_EMPTY_BODY = YES;
				CLANG_WARN_ENUM_CONVERSION = YES;
				CLANG_WARN_INFINITE_RECURSION = YES;
				CLANG_WARN_INT_CONVERSION = YES;
				CLANG_WARN_NON_LITERAL_NULL_CONVERSION = YES;
				CLANG_WARN_OBJC_IMPLICIT_RETAIN_SELF = YES;
				CLANG_WARN_OBJC_LITERAL_CONVERSION = YES;
				CLANG_WARN_OBJC_ROOT_CLASS = YES_ERROR;
				CLANG_WARN_QUOTED_INCLUDE_IN_FRAMEWORK_HEADER = YES;
				CLANG_WARN_RANGE_LOOP_ANALYSIS = YES;
				CLANG_WARN_STRICT_PROTOTYPES = YES;
				CLANG_WARN_SUSPICIOUS_MOVE = YES;
				CLANG_WARN_UNGUARDED_AVAILABILITY = YES_AGGRESSIVE;
				CLANG_WARN_UNREACHABLE_CODE = YES;
				CLANG_WARN__DUPLICATE_METHOD_MATCH = YES;
				COPY_PHASE_STRIP = NO;
				DEBUG_INFORMATION_FORMAT = dwarf;
				ENABLE_STRICT_OBJC_MSGSEND = YES;
				ENABLE_TESTABILITY = YES;
				GCC_C_LANGUAGE_STANDARD = gnu11;
				GCC_DYNAMIC_NO_PIC = NO;
				GCC_NO_COMMON_BLOCKS = YES;
				GCC_OPTIMIZATION_LEVEL = 0;
				GCC_PREPROCESSOR_DEFINITIONS = (
					"DEBUG=1",
					"$(inherited)",
				);
				GCC_WARN_64_TO_32_BIT_CONVERSION = YES;
				GCC_WARN_ABOUT_RETURN_TYPE = YES_ERROR;
				GCC_WARN_UNDECLARED_SELECTOR = YES;
				GCC_WARN_UNINITIALIZED_AUTOS = YES_AGGRESSIVE;
				GCC_WARN_UNUSED_FUNCTION = YES;
				GCC_WARN_UNUSED_VARIABLE = YES;
				IPHONEOS_DEPLOYMENT_TARGET = 15.4;
				MTL_ENABLE_DEBUG_INFO = INCLUDE_SOURCE;
				MTL_FAST_MATH = YES;
				ONLY_ACTIVE_ARCH = YES;
				SDKROOT = iphoneos;
				SWIFT_ACTIVE_COMPILATION_CONDITIONS = DEBUG;
				SWIFT_OPTIMIZATION_LEVEL = "-Onone";
			};
			name = Debug;
		};
		0A884D78282C1B9F00358785 /* Release */ = {
			isa = XCBuildConfiguration;
			buildSettings = {
				ALWAYS_SEARCH_USER_PATHS = NO;
				CLANG_ANALYZER_NONNULL = YES;
				CLANG_ANALYZER_NUMBER_OBJECT_CONVERSION = YES_AGGRESSIVE;
				CLANG_CXX_LANGUAGE_STANDARD = "gnu++17";
				CLANG_ENABLE_MODULES = YES;
				CLANG_ENABLE_OBJC_ARC = YES;
				CLANG_ENABLE_OBJC_WEAK = YES;
				CLANG_WARN_BLOCK_CAPTURE_AUTORELEASING = YES;
				CLANG_WARN_BOOL_CONVERSION = YES;
				CLANG_WARN_COMMA = YES;
				CLANG_WARN_CONSTANT_CONVERSION = YES;
				CLANG_WARN_DEPRECATED_OBJC_IMPLEMENTATIONS = YES;
				CLANG_WARN_DIRECT_OBJC_ISA_USAGE = YES_ERROR;
				CLANG_WARN_DOCUMENTATION_COMMENTS = YES;
				CLANG_WARN_EMPTY_BODY = YES;
				CLANG_WARN_ENUM_CONVERSION = YES;
				CLANG_WARN_INFINITE_RECURSION = YES;
				CLANG_WARN_INT_CONVERSION = YES;
				CLANG_WARN_NON_LITERAL_NULL_CONVERSION = YES;
				CLANG_WARN_OBJC_IMPLICIT_RETAIN_SELF = YES;
				CLANG_WARN_OBJC_LITERAL_CONVERSION = YES;
				CLANG_WARN_OBJC_ROOT_CLASS = YES_ERROR;
				CLANG_WARN_QUOTED_INCLUDE_IN_FRAMEWORK_HEADER = YES;
				CLANG_WARN_RANGE_LOOP_ANALYSIS = YES;
				CLANG_WARN_STRICT_PROTOTYPES = YES;
				CLANG_WARN_SUSPICIOUS_MOVE = YES;
				CLANG_WARN_UNGUARDED_AVAILABILITY = YES_AGGRESSIVE;
				CLANG_WARN_UNREACHABLE_CODE = YES;
				CLANG_WARN__DUPLICATE_METHOD_MATCH = YES;
				COPY_PHASE_STRIP = NO;
				DEBUG_INFORMATION_FORMAT = "dwarf-with-dsym";
				ENABLE_NS_ASSERTIONS = NO;
				ENABLE_STRICT_OBJC_MSGSEND = YES;
				GCC_C_LANGUAGE_STANDARD = gnu11;
				GCC_NO_COMMON_BLOCKS = YES;
				GCC_WARN_64_TO_32_BIT_CONVERSION = YES;
				GCC_WARN_ABOUT_RETURN_TYPE = YES_ERROR;
				GCC_WARN_UNDECLARED_SELECTOR = YES;
				GCC_WARN_UNINITIALIZED_AUTOS = YES_AGGRESSIVE;
				GCC_WARN_UNUSED_FUNCTION = YES;
				GCC_WARN_UNUSED_VARIABLE = YES;
				IPHONEOS_DEPLOYMENT_TARGET = 15.4;
				MTL_ENABLE_DEBUG_INFO = NO;
				MTL_FAST_MATH = YES;
				SDKROOT = iphoneos;
				SWIFT_COMPILATION_MODE = wholemodule;
				SWIFT_OPTIMIZATION_LEVEL = "-O";
				VALIDATE_PRODUCT = YES;
			};
			name = Release;
		};
		0A884D7A282C1B9F00358785 /* Debug */ = {
			isa = XCBuildConfiguration;
			baseConfigurationReference = 9E70BCB4DCCD38364BA59FA7 /* Pods-Follow_the_rules_of_SOLID.debug.xcconfig */;
			buildSettings = {
				ASSETCATALOG_COMPILER_APPICON_NAME = AppIcon;
				ASSETCATALOG_COMPILER_GLOBAL_ACCENT_COLOR_NAME = AccentColor;
				CODE_SIGN_STYLE = Automatic;
				CURRENT_PROJECT_VERSION = 1;
				DEVELOPMENT_TEAM = 4JR7PKLFY2;
				GENERATE_INFOPLIST_FILE = YES;
				INFOPLIST_FILE = Follow_the_rules_of_SOLID/Info.plist;
				INFOPLIST_KEY_UIApplicationSupportsIndirectInputEvents = YES;
				INFOPLIST_KEY_UILaunchStoryboardName = LaunchScreen;
				INFOPLIST_KEY_UIMainStoryboardFile = Main;
				INFOPLIST_KEY_UISupportedInterfaceOrientations_iPad = "UIInterfaceOrientationPortrait UIInterfaceOrientationPortraitUpsideDown UIInterfaceOrientationLandscapeLeft UIInterfaceOrientationLandscapeRight";
				INFOPLIST_KEY_UISupportedInterfaceOrientations_iPhone = "UIInterfaceOrientationPortrait UIInterfaceOrientationLandscapeLeft UIInterfaceOrientationLandscapeRight";
				LD_RUNPATH_SEARCH_PATHS = (
					"$(inherited)",
					"@executable_path/Frameworks",
				);
				MARKETING_VERSION = 1.0;
				PRODUCT_BUNDLE_IDENTIFIER = "com.minji.Follow-the-rules-of-SOLID";
				PRODUCT_NAME = "$(TARGET_NAME)";
				SWIFT_EMIT_LOC_STRINGS = YES;
				SWIFT_VERSION = 5.0;
				TARGETED_DEVICE_FAMILY = "1,2";
			};
			name = Debug;
		};
		0A884D7B282C1B9F00358785 /* Release */ = {
			isa = XCBuildConfiguration;
			baseConfigurationReference = 227041B35F7ABF7862A19859 /* Pods-Follow_the_rules_of_SOLID.release.xcconfig */;
			buildSettings = {
				ASSETCATALOG_COMPILER_APPICON_NAME = AppIcon;
				ASSETCATALOG_COMPILER_GLOBAL_ACCENT_COLOR_NAME = AccentColor;
				CODE_SIGN_STYLE = Automatic;
				CURRENT_PROJECT_VERSION = 1;
				DEVELOPMENT_TEAM = 4JR7PKLFY2;
				GENERATE_INFOPLIST_FILE = YES;
				INFOPLIST_FILE = Follow_the_rules_of_SOLID/Info.plist;
				INFOPLIST_KEY_UIApplicationSupportsIndirectInputEvents = YES;
				INFOPLIST_KEY_UILaunchStoryboardName = LaunchScreen;
				INFOPLIST_KEY_UIMainStoryboardFile = Main;
				INFOPLIST_KEY_UISupportedInterfaceOrientations_iPad = "UIInterfaceOrientationPortrait UIInterfaceOrientationPortraitUpsideDown UIInterfaceOrientationLandscapeLeft UIInterfaceOrientationLandscapeRight";
				INFOPLIST_KEY_UISupportedInterfaceOrientations_iPhone = "UIInterfaceOrientationPortrait UIInterfaceOrientationLandscapeLeft UIInterfaceOrientationLandscapeRight";
				LD_RUNPATH_SEARCH_PATHS = (
					"$(inherited)",
					"@executable_path/Frameworks",
				);
				MARKETING_VERSION = 1.0;
				PRODUCT_BUNDLE_IDENTIFIER = "com.minji.Follow-the-rules-of-SOLID";
				PRODUCT_NAME = "$(TARGET_NAME)";
				SWIFT_EMIT_LOC_STRINGS = YES;
				SWIFT_VERSION = 5.0;
				TARGETED_DEVICE_FAMILY = "1,2";
			};
			name = Release;
		};
/* End XCBuildConfiguration section */

/* Begin XCConfigurationList section */
		0A884D60282C1B9D00358785 /* Build configuration list for PBXProject "Follow_the_rules_of_SOLID" */ = {
			isa = XCConfigurationList;
			buildConfigurations = (
				0A884D77282C1B9F00358785 /* Debug */,
				0A884D78282C1B9F00358785 /* Release */,
			);
			defaultConfigurationIsVisible = 0;
			defaultConfigurationName = Release;
		};
		0A884D79282C1B9F00358785 /* Build configuration list for PBXNativeTarget "Follow_the_rules_of_SOLID" */ = {
			isa = XCConfigurationList;
			buildConfigurations = (
				0A884D7A282C1B9F00358785 /* Debug */,
				0A884D7B282C1B9F00358785 /* Release */,
			);
			defaultConfigurationIsVisible = 0;
			defaultConfigurationName = Release;
		};
/* End XCConfigurationList section */
	};
	rootObject = 0A884D5D282C1B9D00358785 /* Project object */;
}
